
Microsoft Visual Studio Solution File, Format Version 12.00
# Visual Studio Version 16
VisualStudioVersion = 16.0.29102.190
MinimumVisualStudioVersion = 10.0.40219.1
Project("{9A19103F-16F7-4668-BE54-9A1E7A4F7556}") = "Chess", "Chess\Chess.csproj", "{9093AEA0-1AC3-40A0-AA45-4CC7D8222D14}"
EndProject
Project("{FAE04EC0-301F-11D3-BF4B-00C04F79EFBC}") = "Chess.Test", "Chess.Test\Chess.Test.csproj", "{BC93DCF0-960E-49E9-A076-8A23B2DF0219}"
EndProject
Global
	GlobalSection(SolutionConfigurationPlatforms) = preSolution
		Debug|Any CPU = Debug|Any CPU
		Release|Any CPU = Release|Any CPU
	EndGlobalSection
	GlobalSection(ProjectConfigurationPlatforms) = postSolution
		{9093AEA0-1AC3-40A0-AA45-4CC7D8222D14}.Debug|Any CPU.ActiveCfg = Debug|Any CPU
		{9093AEA0-1AC3-40A0-AA45-4CC7D8222D14}.Debug|Any CPU.Build.0 = Debug|Any CPU
		{9093AEA0-1AC3-40A0-AA45-4CC7D8222D14}.Release|Any CPU.ActiveCfg = Release|Any CPU
		{9093AEA0-1AC3-40A0-AA45-4CC7D8222D14}.Release|Any CPU.Build.0 = Release|Any CPU
		{BC93DCF0-960E-49E9-A076-8A23B2DF0219}.Debug|Any CPU.ActiveCfg = Debug|Any CPU
		{BC93DCF0-960E-49E9-A076-8A23B2DF0219}.Debug|Any CPU.Build.0 = Debug|Any CPU
		{BC93DCF0-960E-49E9-A076-8A23B2DF0219}.Release|Any CPU.ActiveCfg = Release|Any CPU
		{BC93DCF0-960E-49E9-A076-8A23B2DF0219}.Release|Any CPU.Build.0 = Release|Any CPU
	EndGlobalSection
	GlobalSection(SolutionProperties) = preSolution
		HideSolutionNode = FALSE
	EndGlobalSection
	GlobalSection(ExtensibilityGlobals) = postSolution
		SolutionGuid = {659495E5-8015-4BB5-B4C1-89DE9691ACF3}
	EndGlobalSection
EndGlobal
